{
  "name": "@seedspec/reference-solutions",
  "version": "0.1.0-alpha.1",
  "lockfileVersion": 3,
  "requires": true,
  "packages": {
    "": {
      "name": "@seedspec/reference-solutions",
      "version": "0.1.0-alpha.1",
      "license": "Apache-2.0",
      "workspaces": [
        "solutions/allowance-tracker/realization"
      ],
      "engines": {
        "node": ">=20"
      }
    },
    "node_modules/@seedspec/reference-allowance-tracker": {
      "resolved": "solutions/allowance-tracker/realization",
      "link": true
    },
    "solutions/allowance-tracker/realization": {
      "name": "@seedspec/reference-allowance-tracker",
      "version": "0.1.0-alpha.1",
      "engines": {
        "node": ">=20"
      }
    }
  }
}
