{
  "name": "seedspec-allowance-tracker-reference-app",
  "version": "0.1.0-alpha.1",
  "lockfileVersion": 3,
  "requires": true,
  "packages": {
    "": {
      "name": "seedspec-allowance-tracker-reference-app",
      "version": "0.1.0-alpha.1",
      "engines": {
        "node": ">=20"
      }
    }
  }
}
