{
  "name": "@seedspec/reference-apps",
  "version": "0.1.0-alpha.1",
  "lockfileVersion": 3,
  "requires": true,
  "packages": {
    "": {
      "name": "@seedspec/reference-apps",
      "version": "0.1.0-alpha.1",
      "workspaces": [
        "apps/*"
      ],
      "engines": {
        "node": ">=20"
      }
    },
    "apps/allowance-tracker": {
      "name": "@seedspec/reference-allowance-tracker",
      "version": "0.1.0-alpha.1",
      "engines": {
        "node": ">=20"
      }
    },
    "node_modules/@seedspec/reference-allowance-tracker": {
      "resolved": "apps/allowance-tracker",
      "link": true
    }
  }
}
